# This file is automatically @generated by Cargo.
# It is not intended for manual editing.
version = 4

[[package]]
name = "allocator"
version = "0.1.1"
source = "git+https://github.com/arceos-org/allocator.git?tag=v0.1.1#1d5b7a1b4fd8db4c9c9cea4e6012d15d42e2bf40"
dependencies = [
 "bitmap-allocator",
 "cfg-if",
]

[[package]]
name = "bit_field"
version = "0.10.2"
source = "registry+https://github.com/rust-lang/crates.io-index"
checksum = "dc827186963e592360843fb5ba4b973e145841266c1357f7180c43526f2e5b61"

[[package]]
name = "bitmap-allocator"
version = "0.2.0"
source = "registry+https://github.com/rust-lang/crates.io-index"
checksum = "5553d824a3564e1c242975cfc962d15e6299bfa4a90c44c14208673c16df51f3"
dependencies = [
 "bit_field",
]

[[package]]
name = "bitmaps"
version = "3.2.1"

[[package]]
name = "cfg-if"
version = "1.0.0"
source = "registry+https://github.com/rust-lang/crates.io-index"
checksum = "baf1de4339761588bc0619e3cbc0120ee582ebb74b53b4efbf79117bd2da40fd"

[[package]]
name = "equation_defs"
version = "0.1.0"
dependencies = [
 "allocator",
 "bit_field",
 "bitmap-allocator",
 "bitmaps",
 "log",
 "memory_addr",
]

[[package]]
name = "log"
version = "0.4.27"
source = "registry+https://github.com/rust-lang/crates.io-index"
checksum = "13dc2df351e3202783a1fe0d44375f7295ffb4049267b0f3018346dc122a1d94"

[[package]]
name = "memory_addr"
version = "0.3.2"
